
Microsoft Visual Studio Solution File, Format Version 12.00
# Visual Studio Version 16
VisualStudioVersion = 16.0.29418.71
MinimumVisualStudioVersion = 10.0.40219.1
Project("{FAE04EC0-301F-11D3-BF4B-00C04F79EFBC}") = "2PrintingManagement", "2PrintingManagement\2PrintingManagement.csproj", "{A6EC78FA-103D-4B9E-9986-BD71471BB5E3}"
EndProject
Global
	GlobalSection(SolutionConfigurationPlatforms) = preSolution
		Debug|Any CPU = Debug|Any CPU
		Release|Any CPU = Release|Any CPU
	EndGlobalSection
	GlobalSection(ProjectConfigurationPlatforms) = postSolution
		{A6EC78FA-103D-4B9E-9986-BD71471BB5E3}.Debug|Any CPU.ActiveCfg = Debug|Any CPU
		{A6EC78FA-103D-4B9E-9986-BD71471BB5E3}.Debug|Any CPU.Build.0 = Debug|Any CPU
		{A6EC78FA-103D-4B9E-9986-BD71471BB5E3}.Release|Any CPU.ActiveCfg = Release|Any CPU
		{A6EC78FA-103D-4B9E-9986-BD71471BB5E3}.Release|Any CPU.Build.0 = Release|Any CPU
	EndGlobalSection
	GlobalSection(SolutionProperties) = preSolution
		HideSolutionNode = FALSE
	EndGlobalSection
	GlobalSection(ExtensibilityGlobals) = postSolution
		SolutionGuid = {334C5C99-7E4B-4919-B1B9-985CE422AB3A}
	EndGlobalSection
EndGlobal
